// !$*UTF8*$!
{
	archiveVersion = 1;
	classes = {
	};
	objectVersion = 77;
	objects = {

/* Begin PBXBuildFile section */
		CE468ECB2E87DA5100F48D07 /* WebRTC in Frameworks */ = {isa = PBXBuildFile; productRef = CE468ECA2E87DA5100F48D07 /* WebRTC */; };
/* End PBXBuildFile section */

/* Begin PBXContainerItemProxy section */
		CEF7D5142E83EAA700A43BC7 /* PBXContainerItemProxy */ = {
			isa = PBXContainerItemProxy;
			containerPortal = CEF7D4F52E83EAA600A43BC7 /* Project object */;
			proxyType = 1;
			remoteGlobalIDString = CEF7D4FC2E83EAA600A43BC7;
			remoteInfo = GolfSwingRTC;
		};
		CEF7D51E2E83EAA700A43BC7 /* PBXContainerItemProxy */ = {
			isa = PBXContainerItemProxy;
			containerPortal = CEF7D4F52E83EAA600A43BC7 /* Project object */;
			proxyType = 1;
			remoteGlobalIDString = CEF7D4FC2E83EAA600A43BC7;
			remoteInfo = GolfSwingRTC;
		};
/* End PBXContainerItemProxy section */

/* Begin PBXFileReference section */
		CEF7D4FD2E83EAA600A43BC7 /* GolfSwingRTC.app */ = {isa = PBXFileReference; explicitFileType = wrapper.application; includeInIndex = 0; path = GolfSwingRTC.app; sourceTree = BUILT_PRODUCTS_DIR; };
		CEF7D5132E83EAA700A43BC7 /* GolfSwingRTCTests.xctest */ = {isa = PBXFileReference; explicitFileType = wrapper.cfbundle; includeInIndex = 0; path = GolfSwingRTCTests.xctest; sourceTree = BUILT_PRODUCTS_DIR; };
		CEF7D51D2E83EAA700A43BC7 /* GolfSwingRTCUITests.xctest */ = {isa = PBXFileReference; explicitFileType = wrapper.cfbundle; includeInIndex = 0; path = GolfSwingRTCUITests.xctest; sourceTree = BUILT_PRODUCTS_DIR; };
/* End PBXFileReference section */

/* Begin PBXFileSystemSynchronizedBuildFileExceptionSet section */
		CEF7D5252E83EAA700A43BC7 /* Exceptions for "GolfSwingRTC" folder in "GolfSwingRTC" target */ = {
			isa = PBXFileSystemSynchronizedBuildFileExceptionSet;
			membershipExceptions = (
				Info.plist,
			);
			target = CEF7D4FC2E83EAA600A43BC7 /* GolfSwingRTC */;
		};
/* End PBXFileSystemSynchronizedBuildFileExceptionSet section */

/* Begin PBXFileSystemSynchronizedRootGroup section */
		CEF7D4FF2E83EAA600A43BC7 /* GolfSwingRTC */ = {
			isa = PBXFileSystemSynchronizedRootGroup;
			exceptions = (
				CEF7D5252E83EAA700A43BC7 /* Exceptions for "GolfSwingRTC" folder in "GolfSwingRTC" target */,
			);
			path = GolfSwingRTC;
			sourceTree = "<group>";
		};
		CEF7D5162E83EAA700A43BC7 /* GolfSwingRTCTests */ = {
			isa = PBXFileSystemSynchronizedRootGroup;
			path = GolfSwingRTCTests;
			sourceTree = "<group>";
		};
		CEF7D5202E83EAA700A43BC7 /* GolfSwingRTCUITests */ = {
			isa = PBXFileSystemSynchronizedRootGroup;
			path = GolfSwingRTCUITests;
			sourceTree = "<group>";
		};
/* End PBXFileSystemSynchronizedRootGroup section */

/* Begin PBXFrameworksBuildPhase section */
		CEF7D4FA2E83EAA600A43BC7 /* Frameworks */ = {
			isa = PBXFrameworksBuildPhase;
			buildActionMask = 2147483647;
			files = (
				CE468ECB2E87DA5100F48D07 /* WebRTC in Frameworks */,
			);
			runOnlyForDeploymentPostprocessing = 0;
		};
		CEF7D5102E83EAA700A43BC7 /* Frameworks */ = {
			isa = PBXFrameworksBuildPhase;
			buildActionMask = 2147483647;
			files = (
			);
			runOnlyForDeploymentPostprocessing = 0;
		};
		CEF7D51A2E83EAA700A43BC7 /* Frameworks */ = {
			isa = PBXFrameworksBuildPhase;
			buildActionMask = 2147483647;
			files = (
			);
			runOnlyForDeploymentPostprocessing = 0;
		};
/* End PBXFrameworksBuildPhase section */

/* Begin PBXGroup section */
		0AC61DB788565B2E362AB06A /* Pods */ = {
			isa = PBXGroup;
			children = (
			);
			path = Pods;
			sourceTree = "<group>";
		};
		CEF7D4F42E83EAA600A43BC7 = {
			isa = PBXGroup;
			children = (
				CEF7D4FF2E83EAA600A43BC7 /* GolfSwingRTC */,
				CEF7D5162E83EAA700A43BC7 /* GolfSwingRTCTests */,
				CEF7D5202E83EAA700A43BC7 /* GolfSwingRTCUITests */,
				CEF7D4FE2E83EAA600A43BC7 /* Products */,
				0AC61DB788565B2E362AB06A /* Pods */,
			);
			sourceTree = "<group>";
		};
		CEF7D4FE2E83EAA600A43BC7 /* Products */ = {
			isa = PBXGroup;
			children = (
				CEF7D4FD2E83EAA600A43BC7 /* GolfSwingRTC.app */,
				CEF7D5132E83EAA700A43BC7 /* GolfSwingRTCTests.xctest */,
				CEF7D51D2E83EAA700A43BC7 /* GolfSwingRTCUITests.xctest */,
			);
			name = Products;
			sourceTree = "<group>";
		};
/* End PBXGroup section */

/* Begin PBXNativeTarget section */
		CEF7D4FC2E83EAA600A43BC7 /* GolfSwingRTC */ = {
			isa = PBXNativeTarget;
			buildConfigurationList = CEF7D5262E83EAA700A43BC7 /* Build configuration list for PBXNativeTarget "GolfSwingRTC" */;
			buildPhases = (
				CEF7D4F92E83EAA600A43BC7 /* Sources */,
				CEF7D4FA2E83EAA600A43BC7 /* Frameworks */,
				CEF7D4FB2E83EAA600A43BC7 /* Resources */,
			);
			buildRules = (
			);
			dependencies = (
			);
			fileSystemSynchronizedGroups = (
				CEF7D4FF2E83EAA600A43BC7 /* GolfSwingRTC */,
			);
			name = GolfSwingRTC;
			packageProductDependencies = (
				CE468ECA2E87DA5100F48D07 /* WebRTC */,
			);
			productName = GolfSwingRTC;
			productReference = CEF7D4FD2E83EAA600A43BC7 /* GolfSwingRTC.app */;
			productType = "com.apple.product-type.application";
		};
		CEF7D5122E83EAA700A43BC7 /* GolfSwingRTCTests */ = {
			isa = PBXNativeTarget;
			buildConfigurationList = CEF7D52B2E83EAA700A43BC7 /* Build configuration list for PBXNativeTarget "GolfSwingRTCTests" */;
			buildPhases = (
				CEF7D50F2E83EAA700A43BC7 /* Sources */,
				CEF7D5102E83EAA700A43BC7 /* Frameworks */,
				CEF7D5112E83EAA700A43BC7 /* Resources */,
			);
			buildRules = (
			);
			dependencies = (
				CEF7D5152E83EAA700A43BC7 /* PBXTargetDependency */,
			);
			fileSystemSynchronizedGroups = (
				CEF7D5162E83EAA700A43BC7 /* GolfSwingRTCTests */,
			);
			name = GolfSwingRTCTests;
			productName = GolfSwingRTCTests;
			productReference = CEF7D5132E83EAA700A43BC7 /* GolfSwingRTCTests.xctest */;
			productType = "com.apple.product-type.bundle.unit-test";
		};
		CEF7D51C2E83EAA700A43BC7 /* GolfSwingRTCUITests */ = {
			isa = PBXNativeTarget;
			buildConfigurationList = CEF7D52E2E83EAA700A43BC7 /* Build configuration list for PBXNativeTarget "GolfSwingRTCUITests" */;
			buildPhases = (
				CEF7D5192E83EAA700A43BC7 /* Sources */,
				CEF7D51A2E83EAA700A43BC7 /* Frameworks */,
				CEF7D51B2E83EAA700A43BC7 /* Resources */,
			);
			buildRules = (
			);
			dependencies = (
				CEF7D51F2E83EAA700A43BC7 /* PBXTargetDependency */,
			);
			fileSystemSynchronizedGroups = (
				CEF7D5202E83EAA700A43BC7 /* GolfSwingRTCUITests */,
			);
			name = GolfSwingRTCUITests;
			productName = GolfSwingRTCUITests;
			productReference = CEF7D51D2E83EAA700A43BC7 /* GolfSwingRTCUITests.xctest */;
			productType = "com.apple.product-type.bundle.ui-testing";
		};
/* End PBXNativeTarget section */

/* Begin PBXProject section */
		CEF7D4F52E83EAA600A43BC7 /* Project object */ = {
			isa = PBXProject;
			attributes = {
				BuildIndependentTargetsInParallel = 1;
				LastSwiftUpdateCheck = 2600;
				LastUpgradeCheck = 2600;
				TargetAttributes = {
					CEF7D4FC2E83EAA600A43BC7 = {
						CreatedOnToolsVersion = 26.0.1;
					};
					CEF7D5122E83EAA700A43BC7 = {
						CreatedOnToolsVersion = 26.0.1;
						TestTargetID = CEF7D4FC2E83EAA600A43BC7;
					};
					CEF7D51C2E83EAA700A43BC7 = {
						CreatedOnToolsVersion = 26.0.1;
						TestTargetID = CEF7D4FC2E83EAA600A43BC7;
					};
				};
			};
			buildConfigurationList = CEF7D4F82E83EAA600A43BC7 /* Build configuration list for PBXProject "GolfSwingRTC" */;
			developmentRegion = en;
			hasScannedForEncodings = 0;
			knownRegions = (
				en,
				Base,
			);
			mainGroup = CEF7D4F42E83EAA600A43BC7;
			minimizedProjectReferenceProxies = 1;
			packageReferences = (
				CE468EC92E87DA5100F48D07 /* XCRemoteSwiftPackageReference "WebRTC" */,
			);
			preferredProjectObjectVersion = 77;
			productRefGroup = CEF7D4FE2E83EAA600A43BC7 /* Products */;
			projectDirPath = "";
			projectRoot = "";
			targets = (
				CEF7D4FC2E83EAA600A43BC7 /* GolfSwingRTC */,
				CEF7D5122E83EAA700A43BC7 /* GolfSwingRTCTests */,
				CEF7D51C2E83EAA700A43BC7 /* GolfSwingRTCUITests */,
			);
		};
/* End PBXProject section */

/* Begin PBXResourcesBuildPhase section */
		CEF7D4FB2E83EAA600A43BC7 /* Resources */ = {
			isa = PBXResourcesBuildPhase;
			buildActionMask = 2147483647;
			files = (
			);
			runOnlyForDeploymentPostprocessing = 0;
		};
		CEF7D5112E83EAA700A43BC7 /* Resources */ = {
			isa = PBXResourcesBuildPhase;
			buildActionMask = 2147483647;
			files = (
			);
			runOnlyForDeploymentPostprocessing = 0;
		};
		CEF7D51B2E83EAA700A43BC7 /* Resources */ = {
			isa = PBXResourcesBuildPhase;
			buildActionMask = 2147483647;
			files = (
			);
			runOnlyForDeploymentPostprocessing = 0;
		};
/* End PBXResourcesBuildPhase section */

/* Begin PBXSourcesBuildPhase section */
		CEF7D4F92E83EAA600A43BC7 /* Sources */ = {
			isa = PBXSourcesBuildPhase;
			buildActionMask = 2147483647;
			files = (
			);
			runOnlyForDeploymentPostprocessing = 0;
		};
		CEF7D50F2E83EAA700A43BC7 /* Sources */ = {
			isa = PBXSourcesBuildPhase;
			buildActionMask = 2147483647;
			files = (
			);
			runOnlyForDeploymentPostprocessing = 0;
		};
		CEF7D5192E83EAA700A43BC7 /* Sources */ = {
			isa = PBXSourcesBuildPhase;
			buildActionMask = 2147483647;
			files = (
			);
			runOnlyForDeploymentPostprocessing = 0;
		};
/* End PBXSourcesBuildPhase section */

/* Begin PBXTargetDependency section */
		CEF7D5152E83EAA700A43BC7 /* PBXTargetDependency */ = {
			isa = PBXTargetDependency;
			target = CEF7D4FC2E83EAA600A43BC7 /* GolfSwingRTC */;
			targetProxy = CEF7D5142E83EAA700A43BC7 /* PBXContainerItemProxy */;
		};
		CEF7D51F2E83EAA700A43BC7 /* PBXTargetDependency */ = {
			isa = PBXTargetDependency;
			target = CEF7D4FC2E83EAA600A43BC7 /* GolfSwingRTC */;
			targetProxy = CEF7D51E2E83EAA700A43BC7 /* PBXContainerItemProxy */;
		};
/* End PBXTargetDependency section */

/* Begin XCBuildConfiguration section */
		CEF7D5272E83EAA700A43BC7 /* Debug */ = {
			isa = XCBuildConfiguration;
			buildSettings = {
				ASSETCATALOG_COMPILER_APPICON_NAME = AppIcon;
				ASSETCATALOG_COMPILER_GLOBAL_ACCENT_COLOR_NAME = AccentColor;
				CODE_SIGN_STYLE = Automatic;
				CURRENT_PROJECT_VERSION = 1;
				DEVELOPMENT_TEAM = 6MRT38TXS7;
				GENERATE_INFOPLIST_FILE = YES;
				INFOPLIST_FILE = GolfSwingRTC/Info.plist;
				INFOPLIST_KEY_UIApplicationSupportsIndirectInputEvents = YES;
				INFOPLIST_KEY_UILaunchStoryboardName = LaunchScreen;
				INFOPLIST_KEY_UIMainStoryboardFile = Main;
				INFOPLIST_KEY_UISupportedInterfaceOrientations_iPad = "UIInterfaceOrientationPortrait UIInterfaceOrientationPortraitUpsideDown UIInterfaceOrientationLandscapeLeft UIInterfaceOrientationLandscapeRight";
				INFOPLIST_KEY_UISupportedInterfaceOrientations_iPhone = "UIInterfaceOrientationPortrait UIInterfaceOrientationLandscapeLeft UIInterfaceOrientationLandscapeRight";
				IPHONEOS_DEPLOYMENT_TARGET = 15.6;
				LD_RUNPATH_SEARCH_PATHS = (
					"$(inherited)",
					"@executable_path/Frameworks",
				);
				MARKETING_VERSION = 1.0;
				PRODUCT_BUNDLE_IDENTIFIER = com.mycompany.GolfSwingRTC;
				PRODUCT_NAME = "$(TARGET_NAME)";
				STRING_CATALOG_GENERATE_SYMBOLS = YES;
				SWIFT_APPROACHABLE_CONCURRENCY = YES;
				SWIFT_DEFAULT_ACTOR_ISOLATION = MainActor;
				SWIFT_EMIT_LOC_STRINGS = YES;
				SWIFT_UPCOMING_FEATURE_MEMBER_IMPORT_VISIBILITY = YES;
				SWIFT_VERSION = 5.0;
				TARGETED_DEVICE_FAMILY = "1,2";
			};
			name = Debug;
		};
		CEF7D5282E83EAA700A43BC7 /* Release */ = {
			isa = XCBuildConfiguration;
			buildSettings = {
				ASSETCATALOG_COMPILER_APPICON_NAME = AppIcon;
				ASSETCATALOG_COMPILER_GLOBAL_ACCENT_COLOR_NAME = AccentColor;
				CODE_SIGN_STYLE = Automatic;
				CURRENT_PROJECT_VERSION = 1;
				DEVELOPMENT_TEAM = 6MRT38TXS7;
				GENERATE_INFOPLIST_FILE = YES;
				INFOPLIST_FILE = GolfSwingRTC/Info.plist;
				INFOPLIST_KEY_UIApplicationSupportsIndirectInputEvents = YES;
				INFOPLIST_KEY_UILaunchStoryboardName = LaunchScreen;
				INFOPLIST_KEY_UIMainStoryboardFile = Main;
				INFOPLIST_KEY_UISupportedInterfaceOrientations_iPad = "UIInterfaceOrientationPortrait UIInterfaceOrientationPortraitUpsideDown UIInterfaceOrientationLandscapeLeft UIInterfaceOrientationLandscapeRight";
				INFOPLIST_KEY_UISupportedInterfaceOrientations_iPhone = "UIInterfaceOrientationPortrait UIInterfaceOrientationLandscapeLeft UIInterfaceOrientationLandscapeRight";
				IPHONEOS_DEPLOYMENT_TARGET = 15.6;
				LD_RUNPATH_SEARCH_PATHS = (
					"$(inherited)",
					"@executable_path/Frameworks",
				);
				MARKETING_VERSION = 1.0;
				PRODUCT_BUNDLE_IDENTIFIER = com.mycompany.GolfSwingRTC;
				PRODUCT_NAME = "$(TARGET_NAME)";
				STRING_CATALOG_GENERATE_SYMBOLS = YES;
				SWIFT_APPROACHABLE_CONCURRENCY = YES;
				SWIFT_DEFAULT_ACTOR_ISOLATION = MainActor;
				SWIFT_EMIT_LOC_STRINGS = YES;
				SWIFT_UPCOMING_FEATURE_MEMBER_IMPORT_VISIBILITY = YES;
				SWIFT_VERSION = 5.0;
				TARGETED_DEVICE_FAMILY = "1,2";
			};
			name = Release;
		};
		CEF7D5292E83EAA700A43BC7 /* Debug */ = {
			isa = XCBuildConfiguration;
			buildSettings = {
				ALWAYS_SEARCH_USER_PATHS = NO;
				ASSETCATALOG_COMPILER_GENERATE_SWIFT_ASSET_SYMBOL_EXTENSIONS = YES;
				CLANG_ANALYZER_NONNULL = YES;
				CLANG_ANALYZER_NUMBER_OBJECT_CONVERSION = YES_AGGRESSIVE;
				CLANG_CXX_LANGUAGE_STANDARD = "gnu++20";
				CLANG_ENABLE_MODULES = YES;
				CLANG_ENABLE_OBJC_ARC = YES;
				CLANG_ENABLE_OBJC_WEAK = YES;
				CLANG_WARN_BLOCK_CAPTURE_AUTORELEASING = YES;
				CLANG_WARN_BOOL_CONVERSION = YES;
				CLANG_WARN_COMMA = YES;
				CLANG_WARN_CONSTANT_CONVERSION = YES;
				CLANG_WARN_DEPRECATED_OBJC_IMPLEMENTATIONS = YES;
				CLANG_WARN_DIRECT_OBJC_ISA_USAGE = YES_ERROR;
				CLANG_WARN_DOCUMENTATION_COMMENTS = YES;
				CLANG_WARN_EMPTY_BODY = YES;
				CLANG_WARN_ENUM_CONVERSION = YES;
				CLANG_WARN_INFINITE_RECURSION = YES;
				CLANG_WARN_INT_CONVERSION = YES;
				CLANG_WARN_NON_LITERAL_NULL_CONVERSION = YES;
				CLANG_WARN_OBJC_IMPLICIT_RETAIN_SELF = YES;
				CLANG_WARN_OBJC_LITERAL_CONVERSION = YES;
				CLANG_WARN_OBJC_ROOT_CLASS = YES_ERROR;
				CLANG_WARN_QUOTED_INCLUDE_IN_FRAMEWORK_HEADER = YES;
				CLANG_WARN_RANGE_LOOP_ANALYSIS = YES;
				CLANG_WARN_STRICT_PROTOTYPES = YES;
				CLANG_WARN_SUSPICIOUS_MOVE = YES;
				CLANG_WARN_UNGUARDED_AVAILABILITY = YES_AGGRESSIVE;
				CLANG_WARN_UNREACHABLE_CODE = YES;
				CLANG_WARN__DUPLICATE_METHOD_MATCH = YES;
				COPY_PHASE_STRIP = NO;
				DEBUG_INFORMATION_FORMAT = dwarf;
				DEVELOPMENT_TEAM = 6MRT38TXS7;
				ENABLE_STRICT_OBJC_MSGSEND = YES;
				ENABLE_TESTABILITY = YES;
				ENABLE_USER_SCRIPT_SANDBOXING = YES;
				GCC_C_LANGUAGE_STANDARD = gnu17;
				GCC_DYNAMIC_NO_PIC = NO;
				GCC_NO_COMMON_BLOCKS = YES;
				GCC_OPTIMIZATION_LEVEL = 0;
				GCC_PREPROCESSOR_DEFINITIONS = (
					"DEBUG=1",
					"$(inherited)",
				);
				GCC_WARN_64_TO_32_BIT_CONVERSION = YES;
				GCC_WARN_ABOUT_RETURN_TYPE = YES_ERROR;
				GCC_WARN_UNDECLARED_SELECTOR = YES;
				GCC_WARN_UNINITIALIZED_AUTOS = YES_AGGRESSIVE;
				GCC_WARN_UNUSED_FUNCTION = YES;
				GCC_WARN_UNUSED_VARIABLE = YES;
				IPHONEOS_DEPLOYMENT_TARGET = 26.0;
				LOCALIZATION_PREFERS_STRING_CATALOGS = YES;
				MTL_ENABLE_DEBUG_INFO = INCLUDE_SOURCE;
				MTL_FAST_MATH = YES;
				ONLY_ACTIVE_ARCH = YES;
				SDKROOT = iphoneos;
				SWIFT_ACTIVE_COMPILATION_CONDITIONS = "DEBUG $(inherited)";
				SWIFT_OPTIMIZATION_LEVEL = "-Onone";
			};
			name = Debug;
		};
		CEF7D52A2E83EAA700A43BC7 /* Release */ = {
			isa = XCBuildConfiguration;
			buildSettings = {
				ALWAYS_SEARCH_USER_PATHS = NO;
				ASSETCATALOG_COMPILER_GENERATE_SWIFT_ASSET_SYMBOL_EXTENSIONS = YES;
				CLANG_ANALYZER_NONNULL = YES;
				CLANG_ANALYZER_NUMBER_OBJECT_CONVERSION = YES_AGGRESSIVE;
				CLANG_CXX_LANGUAGE_STANDARD = "gnu++20";
				CLANG_ENABLE_MODULES = YES;
				CLANG_ENABLE_OBJC_ARC = YES;
				CLANG_ENABLE_OBJC_WEAK = YES;
				CLANG_WARN_BLOCK_CAPTURE_AUTORELEASING = YES;
				CLANG_WARN_BOOL_CONVERSION = YES;
				CLANG_WARN_COMMA = YES;
				CLANG_WARN_CONSTANT_CONVERSION = YES;
				CLANG_WARN_DEPRECATED_OBJC_IMPLEMENTATIONS = YES;
				CLANG_WARN_DIRECT_OBJC_ISA_USAGE = YES_ERROR;
				CLANG_WARN_DOCUMENTATION_COMMENTS = YES;
				CLANG_WARN_EMPTY_BODY = YES;
				CLANG_WARN_ENUM_CONVERSION = YES;
				CLANG_WARN_INFINITE_RECURSION = YES;
				CLANG_WARN_INT_CONVERSION = YES;
				CLANG_WARN_NON_LITERAL_NULL_CONVERSION = YES;
				CLANG_WARN_OBJC_IMPLICIT_RETAIN_SELF = YES;
				CLANG_WARN_OBJC_LITERAL_CONVERSION = YES;
				CLANG_WARN_OBJC_ROOT_CLASS = YES_ERROR;
				CLANG_WARN_QUOTED_INCLUDE_IN_FRAMEWORK_HEADER = YES;
				CLANG_WARN_RANGE_LOOP_ANALYSIS = YES;
				CLANG_WARN_STRICT_PROTOTYPES = YES;
				CLANG_WARN_SUSPICIOUS_MOVE = YES;
				CLANG_WARN_UNGUARDED_AVAILABILITY = YES_AGGRESSIVE;
				CLANG_WARN_UNREACHABLE_CODE = YES;
				CLANG_WARN__DUPLICATE_METHOD_MATCH = YES;
				COPY_PHASE_STRIP = NO;
				DEBUG_INFORMATION_FORMAT = "dwarf-with-dsym";
				DEVELOPMENT_TEAM = 6MRT38TXS7;
				ENABLE_NS_ASSERTIONS = NO;
				ENABLE_STRICT_OBJC_MSGSEND = YES;
				ENABLE_USER_SCRIPT_SANDBOXING = YES;
				GCC_C_LANGUAGE_STANDARD = gnu17;
				GCC_NO_COMMON_BLOCKS = YES;
				GCC_WARN_64_TO_32_BIT_CONVERSION = YES;
				GCC_WARN_ABOUT_RETURN_TYPE = YES_ERROR;
				GCC_WARN_UNDECLARED_SELECTOR = YES;
				GCC_WARN_UNINITIALIZED_AUTOS = YES_AGGRESSIVE;
				GCC_WARN_UNUSED_FUNCTION = YES;
				GCC_WARN_UNUSED_VARIABLE = YES;
				IPHONEOS_DEPLOYMENT_TARGET = 26.0;
				LOCALIZATION_PREFERS_STRING_CATALOGS = YES;
				MTL_ENABLE_DEBUG_INFO = NO;
				MTL_FAST_MATH = YES;
				SDKROOT = iphoneos;
				SWIFT_COMPILATION_MODE = wholemodule;
				VALIDATE_PRODUCT = YES;
			};
			name = Release;
		};
		CEF7D52C2E83EAA700A43BC7 /* Debug */ = {
			isa = XCBuildConfiguration;
			buildSettings = {
				BUNDLE_LOADER = "$(TEST_HOST)";
				CODE_SIGN_STYLE = Automatic;
				CURRENT_PROJECT_VERSION = 1;
				DEVELOPMENT_TEAM = 6MRT38TXS7;
				GENERATE_INFOPLIST_FILE = YES;
				IPHONEOS_DEPLOYMENT_TARGET = 26.0;
				MARKETING_VERSION = 1.0;
				PRODUCT_BUNDLE_IDENTIFIER = com.mycompany.GolfSwingRTCTests;
				PRODUCT_NAME = "$(TARGET_NAME)";
				STRING_CATALOG_GENERATE_SYMBOLS = NO;
				SWIFT_APPROACHABLE_CONCURRENCY = YES;
				SWIFT_EMIT_LOC_STRINGS = NO;
				SWIFT_UPCOMING_FEATURE_MEMBER_IMPORT_VISIBILITY = YES;
				SWIFT_VERSION = 5.0;
				TARGETED_DEVICE_FAMILY = "1,2";
				TEST_HOST = "$(BUILT_PRODUCTS_DIR)/GolfSwingRTC.app/$(BUNDLE_EXECUTABLE_FOLDER_PATH)/GolfSwingRTC";
			};
			name = Debug;
		};
		CEF7D52D2E83EAA700A43BC7 /* Release */ = {
			isa = XCBuildConfiguration;
			buildSettings = {
				BUNDLE_LOADER = "$(TEST_HOST)";
				CODE_SIGN_STYLE = Automatic;
				CURRENT_PROJECT_VERSION = 1;
				DEVELOPMENT_TEAM = 6MRT38TXS7;
				GENERATE_INFOPLIST_FILE = YES;
				IPHONEOS_DEPLOYMENT_TARGET = 26.0;
				MARKETING_VERSION = 1.0;
				PRODUCT_BUNDLE_IDENTIFIER = com.mycompany.GolfSwingRTCTests;
				PRODUCT_NAME = "$(TARGET_NAME)";
				STRING_CATALOG_GENERATE_SYMBOLS = NO;
				SWIFT_APPROACHABLE_CONCURRENCY = YES;
				SWIFT_EMIT_LOC_STRINGS = NO;
				SWIFT_UPCOMING_FEATURE_MEMBER_IMPORT_VISIBILITY = YES;
				SWIFT_VERSION = 5.0;
				TARGETED_DEVICE_FAMILY = "1,2";
				TEST_HOST = "$(BUILT_PRODUCTS_DIR)/GolfSwingRTC.app/$(BUNDLE_EXECUTABLE_FOLDER_PATH)/GolfSwingRTC";
			};
			name = Release;
		};
		CEF7D52F2E83EAA700A43BC7 /* Debug */ = {
			isa = XCBuildConfiguration;
			buildSettings = {
				CODE_SIGN_STYLE = Automatic;
				CURRENT_PROJECT_VERSION = 1;
				DEVELOPMENT_TEAM = 6MRT38TXS7;
				GENERATE_INFOPLIST_FILE = YES;
				IPHONEOS_DEPLOYMENT_TARGET = 15.0;
				MARKETING_VERSION = 1.0;
				PRODUCT_BUNDLE_IDENTIFIER = com.mycompany.GolfSwingRTCUITests;
				PRODUCT_NAME = "$(TARGET_NAME)";
				STRING_CATALOG_GENERATE_SYMBOLS = NO;
				SWIFT_APPROACHABLE_CONCURRENCY = YES;
				SWIFT_EMIT_LOC_STRINGS = NO;
				SWIFT_UPCOMING_FEATURE_MEMBER_IMPORT_VISIBILITY = YES;
				SWIFT_VERSION = 5.0;
				TARGETED_DEVICE_FAMILY = "1,2";
				TEST_TARGET_NAME = GolfSwingRTC;
			};
			name = Debug;
		};
		CEF7D5302E83EAA700A43BC7 /* Release */ = {
			isa = XCBuildConfiguration;
			buildSettings = {
				CODE_SIGN_STYLE = Automatic;
				CURRENT_PROJECT_VERSION = 1;
				DEVELOPMENT_TEAM = 6MRT38TXS7;
				GENERATE_INFOPLIST_FILE = YES;
				IPHONEOS_DEPLOYMENT_TARGET = 15.0;
				MARKETING_VERSION = 1.0;
				PRODUCT_BUNDLE_IDENTIFIER = com.mycompany.GolfSwingRTCUITests;
				PRODUCT_NAME = "$(TARGET_NAME)";
				STRING_CATALOG_GENERATE_SYMBOLS = NO;
				SWIFT_APPROACHABLE_CONCURRENCY = YES;
				SWIFT_EMIT_LOC_STRINGS = NO;
				SWIFT_UPCOMING_FEATURE_MEMBER_IMPORT_VISIBILITY = YES;
				SWIFT_VERSION = 5.0;
				TARGETED_DEVICE_FAMILY = "1,2";
				TEST_TARGET_NAME = GolfSwingRTC;
			};
			name = Release;
		};
/* End XCBuildConfiguration section */

/* Begin XCConfigurationList section */
		CEF7D4F82E83EAA600A43BC7 /* Build configuration list for PBXProject "GolfSwingRTC" */ = {
			isa = XCConfigurationList;
			buildConfigurations = (
				CEF7D5292E83EAA700A43BC7 /* Debug */,
				CEF7D52A2E83EAA700A43BC7 /* Release */,
			);
			defaultConfigurationIsVisible = 0;
			defaultConfigurationName = Release;
		};
		CEF7D5262E83EAA700A43BC7 /* Build configuration list for PBXNativeTarget "GolfSwingRTC" */ = {
			isa = XCConfigurationList;
			buildConfigurations = (
				CEF7D5272E83EAA700A43BC7 /* Debug */,
				CEF7D5282E83EAA700A43BC7 /* Release */,
			);
			defaultConfigurationIsVisible = 0;
			defaultConfigurationName = Release;
		};
		CEF7D52B2E83EAA700A43BC7 /* Build configuration list for PBXNativeTarget "GolfSwingRTCTests" */ = {
			isa = XCConfigurationList;
			buildConfigurations = (
				CEF7D52C2E83EAA700A43BC7 /* Debug */,
				CEF7D52D2E83EAA700A43BC7 /* Release */,
			);
			defaultConfigurationIsVisible = 0;
			defaultConfigurationName = Release;
		};
		CEF7D52E2E83EAA700A43BC7 /* Build configuration list for PBXNativeTarget "GolfSwingRTCUITests" */ = {
			isa = XCConfigurationList;
			buildConfigurations = (
				CEF7D52F2E83EAA700A43BC7 /* Debug */,
				CEF7D5302E83EAA700A43BC7 /* Release */,
			);
			defaultConfigurationIsVisible = 0;
			defaultConfigurationName = Release;
		};
/* End XCConfigurationList section */

/* Begin XCRemoteSwiftPackageReference section */
		CE468EC92E87DA5100F48D07 /* XCRemoteSwiftPackageReference "WebRTC" */ = {
			isa = XCRemoteSwiftPackageReference;
			repositoryURL = "https://github.com/stasel/WebRTC";
			requirement = {
				kind = upToNextMajorVersion;
				minimumVersion = 140.0.0;
			};
		};
/* End XCRemoteSwiftPackageReference section */

/* Begin XCSwiftPackageProductDependency section */
		CE468ECA2E87DA5100F48D07 /* WebRTC */ = {
			isa = XCSwiftPackageProductDependency;
			package = CE468EC92E87DA5100F48D07 /* XCRemoteSwiftPackageReference "WebRTC" */;
			productName = WebRTC;
		};
/* End XCSwiftPackageProductDependency section */
	};
	rootObject = CEF7D4F52E83EAA600A43BC7 /* Project object */;
}
